
Microsoft Visual Studio Solution File, Format Version 12.00
# Visual Studio Version 17
VisualStudioVersion = 17.12.35527.113 d17.12
MinimumVisualStudioVersion = 10.0.40219.1
Project("{FAE04EC0-301F-11D3-BF4B-00C04F79EFBC}") = "QuranTools", "QuranTools\QuranTools.csproj", "{C5E4142E-3529-4751-9C79-9C3BC0857092}"
EndProject
Global
	GlobalSection(SolutionConfigurationPlatforms) = preSolution
		Debug|Any CPU = Debug|Any CPU
		Release|Any CPU = Release|Any CPU
	EndGlobalSection
	GlobalSection(ProjectConfigurationPlatforms) = postSolution
		{C5E4142E-3529-4751-9C79-9C3BC0857092}.Debug|Any CPU.ActiveCfg = Debug|Any CPU
		{C5E4142E-3529-4751-9C79-9C3BC0857092}.Debug|Any CPU.Build.0 = Debug|Any CPU
		{C5E4142E-3529-4751-9C79-9C3BC0857092}.Release|Any CPU.ActiveCfg = Release|Any CPU
		{C5E4142E-3529-4751-9C79-9C3BC0857092}.Release|Any CPU.Build.0 = Release|Any CPU
	EndGlobalSection
	GlobalSection(SolutionProperties) = preSolution
		HideSolutionNode = FALSE
	EndGlobalSection
EndGlobal
